
Microsoft Visual Studio Solution File, Format Version 12.00
# Visual Studio Version 17
VisualStudioVersion = 17.8.34511.84
MinimumVisualStudioVersion = 10.0.40219.1
Project("{FAE04EC0-301F-11D3-BF4B-00C04F79EFBC}") = "ActividadFunciones", "ActividadFunciones.csproj", "{DAC645D4-8135-49EB-AE46-902B637080A5}"
EndProject
Global
	GlobalSection(SolutionConfigurationPlatforms) = preSolution
		Debug|Any CPU = Debug|Any CPU
		Release|Any CPU = Release|Any CPU
	EndGlobalSection
	GlobalSection(ProjectConfigurationPlatforms) = postSolution
		{DAC645D4-8135-49EB-AE46-902B637080A5}.Debug|Any CPU.ActiveCfg = Debug|Any CPU
		{DAC645D4-8135-49EB-AE46-902B637080A5}.Debug|Any CPU.Build.0 = Debug|Any CPU
		{DAC645D4-8135-49EB-AE46-902B637080A5}.Release|Any CPU.ActiveCfg = Release|Any CPU
		{DAC645D4-8135-49EB-AE46-902B637080A5}.Release|Any CPU.Build.0 = Release|Any CPU
	EndGlobalSection
	GlobalSection(SolutionProperties) = preSolution
		HideSolutionNode = FALSE
	EndGlobalSection
	GlobalSection(ExtensibilityGlobals) = postSolution
		SolutionGuid = {47BD2D3A-1D61-42A3-9457-8D69FB7B8F46}
	EndGlobalSection
EndGlobal
