
Microsoft Visual Studio Solution File, Format Version 12.00
# Visual Studio Version 17
VisualStudioVersion = 17.4.33205.214
MinimumVisualStudioVersion = 10.0.40219.1
Project("{FAE04EC0-301F-11D3-BF4B-00C04F79EFBC}") = "Ciclos1", "Ciclos1\Ciclos1.csproj", "{88CC32B2-3D06-462C-BD04-18D28CE5EB8F}"
EndProject
Global
	GlobalSection(SolutionConfigurationPlatforms) = preSolution
		Debug|Any CPU = Debug|Any CPU
		Release|Any CPU = Release|Any CPU
	EndGlobalSection
	GlobalSection(ProjectConfigurationPlatforms) = postSolution
		{88CC32B2-3D06-462C-BD04-18D28CE5EB8F}.Debug|Any CPU.ActiveCfg = Debug|Any CPU
		{88CC32B2-3D06-462C-BD04-18D28CE5EB8F}.Debug|Any CPU.Build.0 = Debug|Any CPU
		{88CC32B2-3D06-462C-BD04-18D28CE5EB8F}.Release|Any CPU.ActiveCfg = Release|Any CPU
		{88CC32B2-3D06-462C-BD04-18D28CE5EB8F}.Release|Any CPU.Build.0 = Release|Any CPU
	EndGlobalSection
	GlobalSection(SolutionProperties) = preSolution
		HideSolutionNode = FALSE
	EndGlobalSection
	GlobalSection(ExtensibilityGlobals) = postSolution
		SolutionGuid = {5D1232DE-FB77-4323-96AB-F154014822DD}
	EndGlobalSection
EndGlobal
