
Microsoft Visual Studio Solution File, Format Version 12.00
# Visual Studio Version 17
VisualStudioVersion = 17.4.33205.214
MinimumVisualStudioVersion = 10.0.40219.1
Project("{FAE04EC0-301F-11D3-BF4B-00C04F79EFBC}") = "Cadena1", "Cadena1\Cadena1.csproj", "{081E7250-8958-4BB3-B037-24694E0886A0}"
EndProject
Global
	GlobalSection(SolutionConfigurationPlatforms) = preSolution
		Debug|Any CPU = Debug|Any CPU
		Release|Any CPU = Release|Any CPU
	EndGlobalSection
	GlobalSection(ProjectConfigurationPlatforms) = postSolution
		{081E7250-8958-4BB3-B037-24694E0886A0}.Debug|Any CPU.ActiveCfg = Debug|Any CPU
		{081E7250-8958-4BB3-B037-24694E0886A0}.Debug|Any CPU.Build.0 = Debug|Any CPU
		{081E7250-8958-4BB3-B037-24694E0886A0}.Release|Any CPU.ActiveCfg = Release|Any CPU
		{081E7250-8958-4BB3-B037-24694E0886A0}.Release|Any CPU.Build.0 = Release|Any CPU
	EndGlobalSection
	GlobalSection(SolutionProperties) = preSolution
		HideSolutionNode = FALSE
	EndGlobalSection
	GlobalSection(ExtensibilityGlobals) = postSolution
		SolutionGuid = {27F7154E-C039-4F60-B3B9-3B7D98EB1745}
	EndGlobalSection
EndGlobal
